// !$*UTF8*$!
{
	archiveVersion = 1;
	classes = {
	};
	objectVersion = 51;
	objects = {

/* Begin PBXBuildFile section */
		7AD2355F283F3573EA83FD71 /* Pods_LadyBook.framework in Frameworks */ = {isa = PBXBuildFile; fileRef = AAC727932C9E50590733BE79 /* Pods_LadyBook.framework */; };
		CE07A3C325036B5D0046D7A5 /* UIViewconstraints.swift in Sources */ = {isa = PBXBuildFile; fileRef = CE07A3C225036B5D0046D7A5 /* UIViewconstraints.swift */; };
		CE1F505B25289B4200EAF387 /* FifthViewController.swift in Sources */ = {isa = PBXBuildFile; fileRef = CE1F505A25289B4200EAF387 /* FifthViewController.swift */; };
		CE2230AC24FC6E7B00AFE3C7 /* AppDelegate.swift in Sources */ = {isa = PBXBuildFile; fileRef = CE2230AB24FC6E7B00AFE3C7 /* AppDelegate.swift */; };
		CE2230AE24FC6E7B00AFE3C7 /* SceneDelegate.swift in Sources */ = {isa = PBXBuildFile; fileRef = CE2230AD24FC6E7B00AFE3C7 /* SceneDelegate.swift */; };
		CE2230B024FC6E7B00AFE3C7 /* ViewController.swift in Sources */ = {isa = PBXBuildFile; fileRef = CE2230AF24FC6E7B00AFE3C7 /* ViewController.swift */; };
		CE2230B324FC6E7B00AFE3C7 /* Main.storyboard in Resources */ = {isa = PBXBuildFile; fileRef = CE2230B124FC6E7B00AFE3C7 /* Main.storyboard */; };
		CE2230B524FC6E7D00AFE3C7 /* Assets.xcassets in Resources */ = {isa = PBXBuildFile; fileRef = CE2230B424FC6E7D00AFE3C7 /* Assets.xcassets */; };
		CE2230B824FC6E7D00AFE3C7 /* LaunchScreen.storyboard in Resources */ = {isa = PBXBuildFile; fileRef = CE2230B624FC6E7D00AFE3C7 /* LaunchScreen.storyboard */; };
		CE2230C524FD280700AFE3C7 /* CustomCell.swift in Sources */ = {isa = PBXBuildFile; fileRef = CE2230C324FD280700AFE3C7 /* CustomCell.swift */; };
		CE2230C624FD280700AFE3C7 /* CustomCell.xib in Resources */ = {isa = PBXBuildFile; fileRef = CE2230C424FD280700AFE3C7 /* CustomCell.xib */; };
		CE2CEA1725085AE0003B7D98 /* GoogleService-Info.plist in Resources */ = {isa = PBXBuildFile; fileRef = CE2CEA1625085AE0003B7D98 /* GoogleService-Info.plist */; };
		CE4D39A3250CAD4200FA6536 /* FirstViewController.swift in Sources */ = {isa = PBXBuildFile; fileRef = CE4D39A1250CAD4200FA6536 /* FirstViewController.swift */; };
		CE6190D2252F26D400209EDF /* MyTabBar.swift in Sources */ = {isa = PBXBuildFile; fileRef = CE6190D1252F26D400209EDF /* MyTabBar.swift */; };
		CE8ADEA6250C9C1600A4159E /* Article.swift in Sources */ = {isa = PBXBuildFile; fileRef = CE8ADEA5250C9C1600A4159E /* Article.swift */; };
		CEA23DFD2525A19200A50DBE /* SecondViewController.swift in Sources */ = {isa = PBXBuildFile; fileRef = CEA23DFC2525A19200A50DBE /* SecondViewController.swift */; };
		CEA23E002525A22600A50DBE /* ThirdViewController.swift in Sources */ = {isa = PBXBuildFile; fileRef = CEA23DFF2525A22600A50DBE /* ThirdViewController.swift */; };
		CED32DDA252B969A00008776 /* Message2ViewController.swift in Sources */ = {isa = PBXBuildFile; fileRef = CED32DD9252B969A00008776 /* Message2ViewController.swift */; };
		CED32DDD252B972400008776 /* Message3ViewController.swift in Sources */ = {isa = PBXBuildFile; fileRef = CED32DDC252B972400008776 /* Message3ViewController.swift */; };
		CED66B0C2519D73700A52E4E /* ArticleViewController.swift in Sources */ = {isa = PBXBuildFile; fileRef = CED66B0B2519D73700A52E4E /* ArticleViewController.swift */; };
		CEE449E62503275A009C572E /* MainViewController.swift in Sources */ = {isa = PBXBuildFile; fileRef = CEE449E52503275A009C572E /* MainViewController.swift */; };
		CEF10996254BFA090083A2DE /* LoginViewController.swift in Sources */ = {isa = PBXBuildFile; fileRef = CEF10995254BFA090083A2DE /* LoginViewController.swift */; };
		CEF8C7362520314300C8FC67 /* PostData.swift in Sources */ = {isa = PBXBuildFile; fileRef = CEF8C7352520314300C8FC67 /* PostData.swift */; };
		CEF9404E251646BA000E032E /* WritingViewController.swift in Sources */ = {isa = PBXBuildFile; fileRef = CEF9404D251646BA000E032E /* WritingViewController.swift */; };
		CEF94051251713CF000E032E /* WritingAddViewController.swift in Sources */ = {isa = PBXBuildFile; fileRef = CEF94050251713CF000E032E /* WritingAddViewController.swift */; };
		CEFA01C3252861640060E9C6 /* ForthViewController.swift in Sources */ = {isa = PBXBuildFile; fileRef = CEFA01C2252861640060E9C6 /* ForthViewController.swift */; };
		CEFA0200252868840060E9C6 /* Message1ViewController.swift in Sources */ = {isa = PBXBuildFile; fileRef = CEFA01FF252868840060E9C6 /* Message1ViewController.swift */; };
/* End PBXBuildFile section */

/* Begin PBXFileReference section */
		6EC7E61A63F8244554CAEF0B /* Pods-LadyBook.debug.xcconfig */ = {isa = PBXFileReference; includeInIndex = 1; lastKnownFileType = text.xcconfig; name = "Pods-LadyBook.debug.xcconfig"; path = "Target Support Files/Pods-LadyBook/Pods-LadyBook.debug.xcconfig"; sourceTree = "<group>"; };
		AAC727932C9E50590733BE79 /* Pods_LadyBook.framework */ = {isa = PBXFileReference; explicitFileType = wrapper.framework; includeInIndex = 0; path = Pods_LadyBook.framework; sourceTree = BUILT_PRODUCTS_DIR; };
		CE07A3C225036B5D0046D7A5 /* UIViewconstraints.swift */ = {isa = PBXFileReference; lastKnownFileType = sourcecode.swift; path = UIViewconstraints.swift; sourceTree = "<group>"; };
		CE1F505A25289B4200EAF387 /* FifthViewController.swift */ = {isa = PBXFileReference; lastKnownFileType = sourcecode.swift; path = FifthViewController.swift; sourceTree = "<group>"; };
		CE2230A824FC6E7B00AFE3C7 /* LadyBook.app */ = {isa = PBXFileReference; explicitFileType = wrapper.application; includeInIndex = 0; path = LadyBook.app; sourceTree = BUILT_PRODUCTS_DIR; };
		CE2230AB24FC6E7B00AFE3C7 /* AppDelegate.swift */ = {isa = PBXFileReference; lastKnownFileType = sourcecode.swift; path = AppDelegate.swift; sourceTree = "<group>"; };
		CE2230AD24FC6E7B00AFE3C7 /* SceneDelegate.swift */ = {isa = PBXFileReference; lastKnownFileType = sourcecode.swift; path = SceneDelegate.swift; sourceTree = "<group>"; };
		CE2230AF24FC6E7B00AFE3C7 /* ViewController.swift */ = {isa = PBXFileReference; lastKnownFileType = sourcecode.swift; path = ViewController.swift; sourceTree = "<group>"; };
		CE2230B224FC6E7B00AFE3C7 /* Base */ = {isa = PBXFileReference; lastKnownFileType = file.storyboard; name = Base; path = Base.lproj/Main.storyboard; sourceTree = "<group>"; };
		CE2230B424FC6E7D00AFE3C7 /* Assets.xcassets */ = {isa = PBXFileReference; lastKnownFileType = folder.assetcatalog; path = Assets.xcassets; sourceTree = "<group>"; };
		CE2230B724FC6E7D00AFE3C7 /* Base */ = {isa = PBXFileReference; lastKnownFileType = file.storyboard; name = Base; path = Base.lproj/LaunchScreen.storyboard; sourceTree = "<group>"; };
		CE2230B924FC6E7D00AFE3C7 /* Info.plist */ = {isa = PBXFileReference; lastKnownFileType = text.plist.xml; path = Info.plist; sourceTree = "<group>"; };
		CE2230C324FD280700AFE3C7 /* CustomCell.swift */ = {isa = PBXFileReference; lastKnownFileType = sourcecode.swift; path = CustomCell.swift; sourceTree = "<group>"; };
		CE2230C424FD280700AFE3C7 /* CustomCell.xib */ = {isa = PBXFileReference; lastKnownFileType = file.xib; path = CustomCell.xib; sourceTree = "<group>"; };
		CE2CEA1625085AE0003B7D98 /* GoogleService-Info.plist */ = {isa = PBXFileReference; fileEncoding = 4; lastKnownFileType = text.plist.xml; path = "GoogleService-Info.plist"; sourceTree = "<group>"; };
		CE457FD1E32B289BAE5DB8EF /* Pods-LadyBook.release.xcconfig */ = {isa = PBXFileReference; includeInIndex = 1; lastKnownFileType = text.xcconfig; name = "Pods-LadyBook.release.xcconfig"; path = "Target Support Files/Pods-LadyBook/Pods-LadyBook.release.xcconfig"; sourceTree = "<group>"; };
		CE4D39A1250CAD4200FA6536 /* FirstViewController.swift */ = {isa = PBXFileReference; lastKnownFileType = sourcecode.swift; path = FirstViewController.swift; sourceTree = "<group>"; };
		CE6190D1252F26D400209EDF /* MyTabBar.swift */ = {isa = PBXFileReference; lastKnownFileType = sourcecode.swift; path = MyTabBar.swift; sourceTree = "<group>"; };
		CE8ADEA5250C9C1600A4159E /* Article.swift */ = {isa = PBXFileReference; lastKnownFileType = sourcecode.swift; path = Article.swift; sourceTree = "<group>"; };
		CEA23DFC2525A19200A50DBE /* SecondViewController.swift */ = {isa = PBXFileReference; lastKnownFileType = sourcecode.swift; path = SecondViewController.swift; sourceTree = "<group>"; };
		CEA23DFF2525A22600A50DBE /* ThirdViewController.swift */ = {isa = PBXFileReference; lastKnownFileType = sourcecode.swift; path = ThirdViewController.swift; sourceTree = "<group>"; };
		CED32DD9252B969A00008776 /* Message2ViewController.swift */ = {isa = PBXFileReference; lastKnownFileType = sourcecode.swift; path = Message2ViewController.swift; sourceTree = "<group>"; };
		CED32DDC252B972400008776 /* Message3ViewController.swift */ = {isa = PBXFileReference; lastKnownFileType = sourcecode.swift; path = Message3ViewController.swift; sourceTree = "<group>"; };
		CED66B0B2519D73700A52E4E /* ArticleViewController.swift */ = {isa = PBXFileReference; lastKnownFileType = sourcecode.swift; path = ArticleViewController.swift; sourceTree = "<group>"; };
		CEE449E52503275A009C572E /* MainViewController.swift */ = {isa = PBXFileReference; lastKnownFileType = sourcecode.swift; path = MainViewController.swift; sourceTree = "<group>"; };
		CEF10995254BFA090083A2DE /* LoginViewController.swift */ = {isa = PBXFileReference; lastKnownFileType = sourcecode.swift; path = LoginViewController.swift; sourceTree = "<group>"; };
		CEF8C7352520314300C8FC67 /* PostData.swift */ = {isa = PBXFileReference; lastKnownFileType = sourcecode.swift; path = PostData.swift; sourceTree = "<group>"; };
		CEF9404D251646BA000E032E /* WritingViewController.swift */ = {isa = PBXFileReference; lastKnownFileType = sourcecode.swift; path = WritingViewController.swift; sourceTree = "<group>"; };
		CEF94050251713CF000E032E /* WritingAddViewController.swift */ = {isa = PBXFileReference; lastKnownFileType = sourcecode.swift; path = WritingAddViewController.swift; sourceTree = "<group>"; };
		CEFA01C2252861640060E9C6 /* ForthViewController.swift */ = {isa = PBXFileReference; lastKnownFileType = sourcecode.swift; path = ForthViewController.swift; sourceTree = "<group>"; };
		CEFA01FF252868840060E9C6 /* Message1ViewController.swift */ = {isa = PBXFileReference; lastKnownFileType = sourcecode.swift; path = Message1ViewController.swift; sourceTree = "<group>"; };
/* End PBXFileReference section */

/* Begin PBXFrameworksBuildPhase section */
		CE2230A524FC6E7B00AFE3C7 /* Frameworks */ = {
			isa = PBXFrameworksBuildPhase;
			buildActionMask = 2147483647;
			files = (
				7AD2355F283F3573EA83FD71 /* Pods_LadyBook.framework in Frameworks */,
			);
			runOnlyForDeploymentPostprocessing = 0;
		};
/* End PBXFrameworksBuildPhase section */

/* Begin PBXGroup section */
		6F7438B85F7E63C254113955 /* Pods */ = {
			isa = PBXGroup;
			children = (
				6EC7E61A63F8244554CAEF0B /* Pods-LadyBook.debug.xcconfig */,
				CE457FD1E32B289BAE5DB8EF /* Pods-LadyBook.release.xcconfig */,
			);
			path = Pods;
			sourceTree = "<group>";
		};
		93C2E6E774394CD1FB462D39 /* Frameworks */ = {
			isa = PBXGroup;
			children = (
				AAC727932C9E50590733BE79 /* Pods_LadyBook.framework */,
			);
			name = Frameworks;
			sourceTree = "<group>";
		};
		CE07A3C4250373510046D7A5 /* Extension */ = {
			isa = PBXGroup;
			children = (
				CE07A3C225036B5D0046D7A5 /* UIViewconstraints.swift */,
				CE6190D1252F26D400209EDF /* MyTabBar.swift */,
			);
			path = Extension;
			sourceTree = "<group>";
		};
		CE22309F24FC6E7B00AFE3C7 = {
			isa = PBXGroup;
			children = (
				CE2230AA24FC6E7B00AFE3C7 /* LadyBook */,
				CE2230A924FC6E7B00AFE3C7 /* Products */,
				6F7438B85F7E63C254113955 /* Pods */,
				93C2E6E774394CD1FB462D39 /* Frameworks */,
			);
			sourceTree = "<group>";
		};
		CE2230A924FC6E7B00AFE3C7 /* Products */ = {
			isa = PBXGroup;
			children = (
				CE2230A824FC6E7B00AFE3C7 /* LadyBook.app */,
			);
			name = Products;
			sourceTree = "<group>";
		};
		CE2230AA24FC6E7B00AFE3C7 /* LadyBook */ = {
			isa = PBXGroup;
			children = (
				CE2230AD24FC6E7B00AFE3C7 /* SceneDelegate.swift */,
				CE2230AB24FC6E7B00AFE3C7 /* AppDelegate.swift */,
				CE2230BF24FC6EC700AFE3C7 /* Model */,
				CE2230C024FC6ECF00AFE3C7 /* View */,
				CE2230C124FC6ED800AFE3C7 /* Controller */,
				CE2230C224FC6F1C00AFE3C7 /* Accessory */,
				CE07A3C4250373510046D7A5 /* Extension */,
			);
			path = LadyBook;
			sourceTree = "<group>";
		};
		CE2230BF24FC6EC700AFE3C7 /* Model */ = {
			isa = PBXGroup;
			children = (
				CE8ADEA5250C9C1600A4159E /* Article.swift */,
				CEF8C7352520314300C8FC67 /* PostData.swift */,
			);
			path = Model;
			sourceTree = "<group>";
		};
		CE2230C024FC6ECF00AFE3C7 /* View */ = {
			isa = PBXGroup;
			children = (
				CE2230B124FC6E7B00AFE3C7 /* Main.storyboard */,
				CE2230C424FD280700AFE3C7 /* CustomCell.xib */,
				CE2230B424FC6E7D00AFE3C7 /* Assets.xcassets */,
			);
			path = View;
			sourceTree = "<group>";
		};
		CE2230C124FC6ED800AFE3C7 /* Controller */ = {
			isa = PBXGroup;
			children = (
				CE2230C324FD280700AFE3C7 /* CustomCell.swift */,
				CE2230AF24FC6E7B00AFE3C7 /* ViewController.swift */,
				CEFA01FF252868840060E9C6 /* Message1ViewController.swift */,
				CED32DD9252B969A00008776 /* Message2ViewController.swift */,
				CED32DDC252B972400008776 /* Message3ViewController.swift */,
				CEE449E52503275A009C572E /* MainViewController.swift */,
				CEF10995254BFA090083A2DE /* LoginViewController.swift */,
				CE4D39A1250CAD4200FA6536 /* FirstViewController.swift */,
				CEA23DFC2525A19200A50DBE /* SecondViewController.swift */,
				CEA23DFF2525A22600A50DBE /* ThirdViewController.swift */,
				CEFA01C2252861640060E9C6 /* ForthViewController.swift */,
				CE1F505A25289B4200EAF387 /* FifthViewController.swift */,
				CEF9404D251646BA000E032E /* WritingViewController.swift */,
				CEF94050251713CF000E032E /* WritingAddViewController.swift */,
				CED66B0B2519D73700A52E4E /* ArticleViewController.swift */,
			);
			path = Controller;
			sourceTree = "<group>";
		};
		CE2230C224FC6F1C00AFE3C7 /* Accessory */ = {
			isa = PBXGroup;
			children = (
				CE2230B624FC6E7D00AFE3C7 /* LaunchScreen.storyboard */,
				CE2230B924FC6E7D00AFE3C7 /* Info.plist */,
				CE2CEA1625085AE0003B7D98 /* GoogleService-Info.plist */,
			);
			path = Accessory;
			sourceTree = "<group>";
		};
/* End PBXGroup section */

/* Begin PBXNativeTarget section */
		CE2230A724FC6E7B00AFE3C7 /* LadyBook */ = {
			isa = PBXNativeTarget;
			buildConfigurationList = CE2230BC24FC6E7D00AFE3C7 /* Build configuration list for PBXNativeTarget "LadyBook" */;
			buildPhases = (
				0FEA8ABAE25C95D0ED7DF983 /* [CP] Check Pods Manifest.lock */,
				CE2230A424FC6E7B00AFE3C7 /* Sources */,
				CE2230A524FC6E7B00AFE3C7 /* Frameworks */,
				CE2230A624FC6E7B00AFE3C7 /* Resources */,
				DA0280621027A0DC55B78005 /* [CP] Embed Pods Frameworks */,
			);
			buildRules = (
			);
			dependencies = (
			);
			name = LadyBook;
			productName = LadyBook;
			productReference = CE2230A824FC6E7B00AFE3C7 /* LadyBook.app */;
			productType = "com.apple.product-type.application";
		};
/* End PBXNativeTarget section */

/* Begin PBXProject section */
		CE2230A024FC6E7B00AFE3C7 /* Project object */ = {
			isa = PBXProject;
			attributes = {
				LastSwiftUpdateCheck = 1160;
				LastUpgradeCheck = 1160;
				ORGANIZATIONNAME = "Ayano Yata";
				TargetAttributes = {
					CE2230A724FC6E7B00AFE3C7 = {
						CreatedOnToolsVersion = 11.6;
					};
				};
			};
			buildConfigurationList = CE2230A324FC6E7B00AFE3C7 /* Build configuration list for PBXProject "LadyBook" */;
			compatibilityVersion = "Xcode 9.3";
			developmentRegion = en;
			hasScannedForEncodings = 0;
			knownRegions = (
				en,
				Base,
			);
			mainGroup = CE22309F24FC6E7B00AFE3C7;
			productRefGroup = CE2230A924FC6E7B00AFE3C7 /* Products */;
			projectDirPath = "";
			projectRoot = "";
			targets = (
				CE2230A724FC6E7B00AFE3C7 /* LadyBook */,
			);
		};
/* End PBXProject section */

/* Begin PBXResourcesBuildPhase section */
		CE2230A624FC6E7B00AFE3C7 /* Resources */ = {
			isa = PBXResourcesBuildPhase;
			buildActionMask = 2147483647;
			files = (
				CE2230B824FC6E7D00AFE3C7 /* LaunchScreen.storyboard in Resources */,
				CE2230B524FC6E7D00AFE3C7 /* Assets.xcassets in Resources */,
				CE2230C624FD280700AFE3C7 /* CustomCell.xib in Resources */,
				CE2230B324FC6E7B00AFE3C7 /* Main.storyboard in Resources */,
				CE2CEA1725085AE0003B7D98 /* GoogleService-Info.plist in Resources */,
			);
			runOnlyForDeploymentPostprocessing = 0;
		};
/* End PBXResourcesBuildPhase section */

/* Begin PBXShellScriptBuildPhase section */
		0FEA8ABAE25C95D0ED7DF983 /* [CP] Check Pods Manifest.lock */ = {
			isa = PBXShellScriptBuildPhase;
			buildActionMask = 2147483647;
			files = (
			);
			inputFileListPaths = (
			);
			inputPaths = (
				"${PODS_PODFILE_DIR_PATH}/Podfile.lock",
				"${PODS_ROOT}/Manifest.lock",
			);
			name = "[CP] Check Pods Manifest.lock";
			outputFileListPaths = (
			);
			outputPaths = (
				"$(DERIVED_FILE_DIR)/Pods-LadyBook-checkManifestLockResult.txt",
			);
			runOnlyForDeploymentPostprocessing = 0;
			shellPath = /bin/sh;
			shellScript = "diff \"${PODS_PODFILE_DIR_PATH}/Podfile.lock\" \"${PODS_ROOT}/Manifest.lock\" > /dev/null\nif [ $? != 0 ] ; then\n    # print error to STDERR\n    echo \"error: The sandbox is not in sync with the Podfile.lock. Run 'pod install' or update your CocoaPods installation.\" >&2\n    exit 1\nfi\n# This output is used by Xcode 'outputs' to avoid re-running this script phase.\necho \"SUCCESS\" > \"${SCRIPT_OUTPUT_FILE_0}\"\n";
			showEnvVarsInLog = 0;
		};
		DA0280621027A0DC55B78005 /* [CP] Embed Pods Frameworks */ = {
			isa = PBXShellScriptBuildPhase;
			buildActionMask = 2147483647;
			files = (
			);
			inputFileListPaths = (
				"${PODS_ROOT}/Target Support Files/Pods-LadyBook/Pods-LadyBook-frameworks-${CONFIGURATION}-input-files.xcfilelist",
			);
			name = "[CP] Embed Pods Frameworks";
			outputFileListPaths = (
				"${PODS_ROOT}/Target Support Files/Pods-LadyBook/Pods-LadyBook-frameworks-${CONFIGURATION}-output-files.xcfilelist",
			);
			runOnlyForDeploymentPostprocessing = 0;
			shellPath = /bin/sh;
			shellScript = "\"${PODS_ROOT}/Target Support Files/Pods-LadyBook/Pods-LadyBook-frameworks.sh\"\n";
			showEnvVarsInLog = 0;
		};
/* End PBXShellScriptBuildPhase section */

/* Begin PBXSourcesBuildPhase section */
		CE2230A424FC6E7B00AFE3C7 /* Sources */ = {
			isa = PBXSourcesBuildPhase;
			buildActionMask = 2147483647;
			files = (
				CE1F505B25289B4200EAF387 /* FifthViewController.swift in Sources */,
				CE8ADEA6250C9C1600A4159E /* Article.swift in Sources */,
				CEF8C7362520314300C8FC67 /* PostData.swift in Sources */,
				CE6190D2252F26D400209EDF /* MyTabBar.swift in Sources */,
				CEF9404E251646BA000E032E /* WritingViewController.swift in Sources */,
				CEE449E62503275A009C572E /* MainViewController.swift in Sources */,
				CE4D39A3250CAD4200FA6536 /* FirstViewController.swift in Sources */,
				CED32DDD252B972400008776 /* Message3ViewController.swift in Sources */,
				CE07A3C325036B5D0046D7A5 /* UIViewconstraints.swift in Sources */,
				CEFA01C3252861640060E9C6 /* ForthViewController.swift in Sources */,
				CEA23DFD2525A19200A50DBE /* SecondViewController.swift in Sources */,
				CEF10996254BFA090083A2DE /* LoginViewController.swift in Sources */,
				CED66B0C2519D73700A52E4E /* ArticleViewController.swift in Sources */,
				CEF94051251713CF000E032E /* WritingAddViewController.swift in Sources */,
				CE2230B024FC6E7B00AFE3C7 /* ViewController.swift in Sources */,
				CED32DDA252B969A00008776 /* Message2ViewController.swift in Sources */,
				CEA23E002525A22600A50DBE /* ThirdViewController.swift in Sources */,
				CEFA0200252868840060E9C6 /* Message1ViewController.swift in Sources */,
				CE2230AC24FC6E7B00AFE3C7 /* AppDelegate.swift in Sources */,
				CE2230C524FD280700AFE3C7 /* CustomCell.swift in Sources */,
				CE2230AE24FC6E7B00AFE3C7 /* SceneDelegate.swift in Sources */,
			);
			runOnlyForDeploymentPostprocessing = 0;
		};
/* End PBXSourcesBuildPhase section */

/* Begin PBXVariantGroup section */
		CE2230B124FC6E7B00AFE3C7 /* Main.storyboard */ = {
			isa = PBXVariantGroup;
			children = (
				CE2230B224FC6E7B00AFE3C7 /* Base */,
			);
			name = Main.storyboard;
			sourceTree = "<group>";
		};
		CE2230B624FC6E7D00AFE3C7 /* LaunchScreen.storyboard */ = {
			isa = PBXVariantGroup;
			children = (
				CE2230B724FC6E7D00AFE3C7 /* Base */,
			);
			name = LaunchScreen.storyboard;
			sourceTree = "<group>";
		};
/* End PBXVariantGroup section */

/* Begin XCBuildConfiguration section */
		CE2230BA24FC6E7D00AFE3C7 /* Debug */ = {
			isa = XCBuildConfiguration;
			buildSettings = {
				ALWAYS_SEARCH_USER_PATHS = NO;
				CLANG_ANALYZER_NONNULL = YES;
				CLANG_ANALYZER_NUMBER_OBJECT_CONVERSION = YES_AGGRESSIVE;
				CLANG_CXX_LANGUAGE_STANDARD = "gnu++14";
				CLANG_CXX_LIBRARY = "libc++";
				CLANG_ENABLE_MODULES = YES;
				CLANG_ENABLE_OBJC_ARC = YES;
				CLANG_ENABLE_OBJC_WEAK = YES;
				CLANG_WARN_BLOCK_CAPTURE_AUTORELEASING = YES;
				CLANG_WARN_BOOL_CONVERSION = YES;
				CLANG_WARN_COMMA = YES;
				CLANG_WARN_CONSTANT_CONVERSION = YES;
				CLANG_WARN_DEPRECATED_OBJC_IMPLEMENTATIONS = YES;
				CLANG_WARN_DIRECT_OBJC_ISA_USAGE = YES_ERROR;
				CLANG_WARN_DOCUMENTATION_COMMENTS = YES;
				CLANG_WARN_EMPTY_BODY = YES;
				CLANG_WARN_ENUM_CONVERSION = YES;
				CLANG_WARN_INFINITE_RECURSION = YES;
				CLANG_WARN_INT_CONVERSION = YES;
				CLANG_WARN_NON_LITERAL_NULL_CONVERSION = YES;
				CLANG_WARN_OBJC_IMPLICIT_RETAIN_SELF = YES;
				CLANG_WARN_OBJC_LITERAL_CONVERSION = YES;
				CLANG_WARN_OBJC_ROOT_CLASS = YES_ERROR;
				CLANG_WARN_RANGE_LOOP_ANALYSIS = YES;
				CLANG_WARN_STRICT_PROTOTYPES = YES;
				CLANG_WARN_SUSPICIOUS_MOVE = YES;
				CLANG_WARN_UNGUARDED_AVAILABILITY = YES_AGGRESSIVE;
				CLANG_WARN_UNREACHABLE_CODE = YES;
				CLANG_WARN__DUPLICATE_METHOD_MATCH = YES;
				COPY_PHASE_STRIP = NO;
				DEBUG_INFORMATION_FORMAT = dwarf;
				ENABLE_STRICT_OBJC_MSGSEND = YES;
				ENABLE_TESTABILITY = YES;
				GCC_C_LANGUAGE_STANDARD = gnu11;
				GCC_DYNAMIC_NO_PIC = NO;
				GCC_NO_COMMON_BLOCKS = YES;
				GCC_OPTIMIZATION_LEVEL = 0;
				GCC_PREPROCESSOR_DEFINITIONS = (
					"DEBUG=1",
					"$(inherited)",
				);
				GCC_WARN_64_TO_32_BIT_CONVERSION = YES;
				GCC_WARN_ABOUT_RETURN_TYPE = YES_ERROR;
				GCC_WARN_UNDECLARED_SELECTOR = YES;
				GCC_WARN_UNINITIALIZED_AUTOS = YES_AGGRESSIVE;
				GCC_WARN_UNUSED_FUNCTION = YES;
				GCC_WARN_UNUSED_VARIABLE = YES;
				IPHONEOS_DEPLOYMENT_TARGET = 13.6;
				MTL_ENABLE_DEBUG_INFO = INCLUDE_SOURCE;
				MTL_FAST_MATH = YES;
				ONLY_ACTIVE_ARCH = YES;
				SDKROOT = iphoneos;
				SWIFT_ACTIVE_COMPILATION_CONDITIONS = DEBUG;
				SWIFT_OPTIMIZATION_LEVEL = "-Onone";
			};
			name = Debug;
		};
		CE2230BB24FC6E7D00AFE3C7 /* Release */ = {
			isa = XCBuildConfiguration;
			buildSettings = {
				ALWAYS_SEARCH_USER_PATHS = NO;
				CLANG_ANALYZER_NONNULL = YES;
				CLANG_ANALYZER_NUMBER_OBJECT_CONVERSION = YES_AGGRESSIVE;
				CLANG_CXX_LANGUAGE_STANDARD = "gnu++14";
				CLANG_CXX_LIBRARY = "libc++";
				CLANG_ENABLE_MODULES = YES;
				CLANG_ENABLE_OBJC_ARC = YES;
				CLANG_ENABLE_OBJC_WEAK = YES;
				CLANG_WARN_BLOCK_CAPTURE_AUTORELEASING = YES;
				CLANG_WARN_BOOL_CONVERSION = YES;
				CLANG_WARN_COMMA = YES;
				CLANG_WARN_CONSTANT_CONVERSION = YES;
				CLANG_WARN_DEPRECATED_OBJC_IMPLEMENTATIONS = YES;
				CLANG_WARN_DIRECT_OBJC_ISA_USAGE = YES_ERROR;
				CLANG_WARN_DOCUMENTATION_COMMENTS = YES;
				CLANG_WARN_EMPTY_BODY = YES;
				CLANG_WARN_ENUM_CONVERSION = YES;
				CLANG_WARN_INFINITE_RECURSION = YES;
				CLANG_WARN_INT_CONVERSION = YES;
				CLANG_WARN_NON_LITERAL_NULL_CONVERSION = YES;
				CLANG_WARN_OBJC_IMPLICIT_RETAIN_SELF = YES;
				CLANG_WARN_OBJC_LITERAL_CONVERSION = YES;
				CLANG_WARN_OBJC_ROOT_CLASS = YES_ERROR;
				CLANG_WARN_RANGE_LOOP_ANALYSIS = YES;
				CLANG_WARN_STRICT_PROTOTYPES = YES;
				CLANG_WARN_SUSPICIOUS_MOVE = YES;
				CLANG_WARN_UNGUARDED_AVAILABILITY = YES_AGGRESSIVE;
				CLANG_WARN_UNREACHABLE_CODE = YES;
				CLANG_WARN__DUPLICATE_METHOD_MATCH = YES;
				COPY_PHASE_STRIP = NO;
				DEBUG_INFORMATION_FORMAT = "dwarf-with-dsym";
				ENABLE_NS_ASSERTIONS = NO;
				ENABLE_STRICT_OBJC_MSGSEND = YES;
				"FRAMEWORK_SEARCH_PATHS[arch=*]" = "";
				GCC_C_LANGUAGE_STANDARD = gnu11;
				GCC_NO_COMMON_BLOCKS = YES;
				GCC_WARN_64_TO_32_BIT_CONVERSION = YES;
				GCC_WARN_ABOUT_RETURN_TYPE = YES_ERROR;
				GCC_WARN_UNDECLARED_SELECTOR = YES;
				GCC_WARN_UNINITIALIZED_AUTOS = YES_AGGRESSIVE;
				GCC_WARN_UNUSED_FUNCTION = YES;
				GCC_WARN_UNUSED_VARIABLE = YES;
				IPHONEOS_DEPLOYMENT_TARGET = 13.6;
				MTL_ENABLE_DEBUG_INFO = NO;
				MTL_FAST_MATH = YES;
				SDKROOT = iphoneos;
				SWIFT_COMPILATION_MODE = wholemodule;
				SWIFT_OPTIMIZATION_LEVEL = "-O";
				VALIDATE_PRODUCT = YES;
			};
			name = Release;
		};
		CE2230BD24FC6E7D00AFE3C7 /* Debug */ = {
			isa = XCBuildConfiguration;
			baseConfigurationReference = 6EC7E61A63F8244554CAEF0B /* Pods-LadyBook.debug.xcconfig */;
			buildSettings = {
				ASSETCATALOG_COMPILER_APPICON_NAME = AppIcon;
				CODE_SIGN_STYLE = Automatic;
				DEVELOPMENT_TEAM = 388DH3R55T;
				INFOPLIST_FILE = "$(SRCROOT)/LadyBook/Accessory/Info.plist";
				LD_RUNPATH_SEARCH_PATHS = (
					"$(inherited)",
					"@executable_path/Frameworks",
				);
				PRODUCT_BUNDLE_IDENTIFIER = com.LadyBook.LadyBook;
				PRODUCT_NAME = "$(TARGET_NAME)";
				SWIFT_VERSION = 5.0;
				TARGETED_DEVICE_FAMILY = "1,2";
			};
			name = Debug;
		};
		CE2230BE24FC6E7D00AFE3C7 /* Release */ = {
			isa = XCBuildConfiguration;
			baseConfigurationReference = CE457FD1E32B289BAE5DB8EF /* Pods-LadyBook.release.xcconfig */;
			buildSettings = {
				ASSETCATALOG_COMPILER_APPICON_NAME = AppIcon;
				CODE_SIGN_STYLE = Automatic;
				DEVELOPMENT_TEAM = 388DH3R55T;
				INFOPLIST_FILE = "$(SRCROOT)/LadyBook/Accessory/Info.plist";
				LD_RUNPATH_SEARCH_PATHS = (
					"$(inherited)",
					"@executable_path/Frameworks",
				);
				PRODUCT_BUNDLE_IDENTIFIER = com.LadyBook.LadyBook;
				PRODUCT_NAME = "$(TARGET_NAME)";
				SWIFT_VERSION = 5.0;
				TARGETED_DEVICE_FAMILY = "1,2";
			};
			name = Release;
		};
/* End XCBuildConfiguration section */

/* Begin XCConfigurationList section */
		CE2230A324FC6E7B00AFE3C7 /* Build configuration list for PBXProject "LadyBook" */ = {
			isa = XCConfigurationList;
			buildConfigurations = (
				CE2230BA24FC6E7D00AFE3C7 /* Debug */,
				CE2230BB24FC6E7D00AFE3C7 /* Release */,
			);
			defaultConfigurationIsVisible = 0;
			defaultConfigurationName = Release;
		};
		CE2230BC24FC6E7D00AFE3C7 /* Build configuration list for PBXNativeTarget "LadyBook" */ = {
			isa = XCConfigurationList;
			buildConfigurations = (
				CE2230BD24FC6E7D00AFE3C7 /* Debug */,
				CE2230BE24FC6E7D00AFE3C7 /* Release */,
			);
			defaultConfigurationIsVisible = 0;
			defaultConfigurationName = Release;
		};
/* End XCConfigurationList section */
	};
	rootObject = CE2230A024FC6E7B00AFE3C7 /* Project object */;
}
